github.com/bytedance/sonic v1.9.1 h1:6iI6D6J7YosCBy/ylP84BBy7p00nU8fL6eXyG/g09eY=
github.com/bytedance/sonic v1.9.1/go.mod h1:i7C4/9rxc+O7s02XQ01n3i6jTqj96N4v7m7GgW0o+fE=
github.com/chenzhuoyu/base64x v0.0.0-20221115062448-fe3a3abad311 h1:q7qAnK79XonLnoit5f8Dq5+nU3hV67Rsh61S0+tEisE=
github.com/chenzhuoyu/base64x v0.0.0-20221115062448-fe3a3abad311/go.mod h1:1pcyS9009S2iYp79I9nNByH9rW2L0FclatSSTU70Iow=
github.com/gabriel-vasile/mimetype v1.4.2 h1:w5qFW6JKvPeub87nyS8qOnEpsPSh6N7Ait8oYVb4MAs=
github.com/gabriel-vasile/mimetype v1.4.2/go.mod h1:29cnB9iHdfdzasXv8zK8m/27jTq+tK33Yy9eUK2X8Gk=
github.com/gin-contrib/sse v0.1.0 h1:Y/yl/+EVHbeGysGSc0qc6L737S8tD2qL7t8qYhYf9hE=
github.com/gin-contrib/sse v0.1.0/go.mod h1:RHrZQHXnP2xjPF+u1gW/2HnVO7nvIa9PG3Gm+fLHvGI=
github.com/gin-gonic/gin v1.9.1 h1:4HOf0/QH8uNo8A3yFfA8T+A2QpY0fK6eXGAnS8idvKk=
github.com/gin-gonic/gin v1.9.1/go.mod h1:hPr67JvMv6nUStBvKOfz/zI+S60XnToSntidRzW67tI=
github.com/go-playground/locales v0.14.1 h1:Efbwa6MOfHlB4zV2InS00pS3366qTclq5FayGgyn0+M=
github.com/go-playground/locales v0.14.1/go.mod h1:hxS7S7/K9uX8nO0Kz/f3xH6LpNo183qayG3O+qW8WlM=
github.com/go-playground/universal-translator v0.18.1 h1:L3avvF970f+2oPdhA6LzG3BAsN2mQun3QkEnYQG0q7A=
github.com/go-playground/universal-translator v0.18.1/go.mod h1:S6L9v78R+0vTizg56247lY/e3hXjS4m6O1JzMvV05Fw=
github.com/go-playground/validator/v10 v10.14.0 h1:vg6zXoW7fDsmJ9q5kM49BqR39zLajhXfL80InO0wS0E=
github.com/go-playground/validator/v10 v10.14.0/go.mod h1:9p6nS8UfT6jXshSskZ1nLqHio8Ato3jYNo+77x+0b/0=
github.com/goccy/go-json v0.10.2 h1:CrY+n9OAnI4p7oizU952n9A5vG4Jz9I32vR30E39cAs=
github.com/goccy/go-json v0.10.2/go.mod h1:6MelvS7UZAnQNq9+SREU34p3ocYpBv7KnxGBeT0U1B0=
github.com/json-iterator/go v1.1.12 h1:PVfS+LWfPlNf+itM+vL+2U85L93jtU/0I/0/I5bA9E0=
github.com/json-iterator/go v1.1.12/go.mod h1:e30LSqwooebP8Ec80M79H4Gg0t4G79M96l5D/fvtBTM=
github.com/klauspost/cpuid/v2 v2.2.4 h1:S0H58567A2N/sh5v8n0Y96b5v4y4D63Fp0iUu2T9x20=
github.com/klauspost/cpuid/v2 v2.2.4/go.mod h1:RVVoC9679shv9NshB767sS07o/tA8b7HwT2uY0R08wU=
github.com/leodido/go-urn v1.2.4 h1:Xl76IM7p94YV0OovzXugI509b7Y+CidWb82432mU5R4=
github.com/leodido/go-urn v1.2.4/go.mod h1:7ZAnvpbeL/4iVIsLhJvN8Y9/E+VOnbWzHqNf1N6u04w=
github.com/mattn/go-isatty v0.0.19 h1:JITub9uK18o3V9mP2RIdp5GstK8vkyT7zB/K91vIis0=
github.com/mattn/go-isatty v0.0.19/go.mod h1:W3+V6H6O46HpkDtgG0W/c5v5F2Dq3r3G+K4M5mFf9+w=
github.com/modern-go/concurrent v0.0.0-20180306012644-bacd9c7ef1dd h1:TR90DAsS7s0oY1T/dC0pOWrE/I6x4Fsc1M7SihbVpW4=
github.com/modern-go/concurrent v0.0.0-20180306012644-bacd9c7ef1dd/go.mod h1:6dQDgwv8+InDSpv4D+C+k0UeYj3y+09Y9L+2dG7Gf/o=
github.com/modern-go/reflect2 v1.0.2 h1:xB91WIP050yO4uPzW9H0pL9fR/D985X3u+I9n5l6oow=
github.com/modern-go/reflect2 v1.0.2/go.mod h1:yW1TKH3Vvawsg2+M9+S8F6Bopfdf84qUnGpkqB5Bvuk=
github.com/pelletier/go-toml/v2 v2.0.8 h1:0ct9iM+3S91kI7y3v7q9WbT2o4V60pW3rRtoSxlXUbw=
github.com/pelletier/go-toml/v2 v2.0.8/go.mod h1:4v96I67dthF6H8+P7SizG7eS2/QWz+jV78S4G0+4k=
github.com/twitchyliquid64/golang-asm v0.15.1 h1:SU5vSMR7C49UL06JD5OCidYv9HLaNVK969z06pnb8y0=
github.com/twitchyliquid64/golang-asm v0.15.1/go.mod h1:aP9E7YyP88MSuW/zYp8/XqU+mP9h/r8fS6L8c+9z2X8=
github.com/ugorji/go/codec v1.2.11 h1:BMmWjkVaW4AnY7867axW7sqX9f4U2sh8X9Hs267pL6c=
github.com/ugorji/go/codec v1.2.11/go.mod h1:UN7j6SxpupV8L+tNoV8gB775m76HnOqf0hR+gN88z2M=
golang.org/x/arch v0.3.0 h1:6KatB6N66Wn3D6r4F1N+p1Vp5kF0QxWjI7M/8g0q2E=
golang.org/x/arch v0.3.0/go.mod h1:8R7K8gY36XAnG33U+zW3zUjS2pE+m1y3sP2H0R49s+M=
golang.org/x/crypto v0.9.0 h1:H9S6T6/Vz6+K9eNfOqUmsh9fCshEUm83W4vWIdh/QpQ=
golang.org/x/crypto v0.9.0/go.mod h1:7y6XQ+Yp9qM23sP5Z++S7S44d67S6mNlX+0Jd5Jm0yQ=
golang.org/x/net v0.10.0 h1:XpkU9uNoiXw0is6o1kgnxG1p7cO/O3PxyS+V6m0A3+Y=
golang.org/x/net v0.10.0/go.mod h1:0qNG7mN8No2dYv1t83PmsC0pOf2T9mG4YdKzV/f9N2g=
golang.org/x/sys v0.8.0 h1:7j8NfA0zV6ZfR2v6wR2wW8YpxS5Fp8XqK/mPxM0T7X0=
golang.org/x/sys v0.8.0/go.mod h1:oPkhp1MJrh7nUepCBck5+mAzfO9JrbApNNgaTdGDITg=
golang.org/x/text v0.9.0 h1:2LsS1BIn9kzEksmYvJ2N6QitF60jXh9qkoS8jCjE0W0=
golang.org/x/text v0.9.0/go.mod h1:e1OnS3A2Wf6UXqyvshL6V9qpsyyt8iYyN0/S9h3uWXE=
google.golang.org/protobuf v1.30.0 h1:kP6Gv733pgT6RREm49j9N8B1QidC+8M/+MPrFm0T5mU=
google.golang.org/protobuf v1.30.0/go.mod h1:HvlPKZ7AUMvM17uSjNoNId8D3L8iNio4fF/Nf3v6T+M=
gopkg.in/yaml.v3 v3.0.1 h1:fxVm/GzAzEWqLHmsB6CqHlXNFrhS98fUfGmsfXjYfXg=
gopkg.in/yaml.v3 v3.0.1/go.mod h1:K4uyzBV9BYSuLozbWV8pZREuIAnOaNAs/9eS++grS8Q=
